{
  "name": "wporg-forum-triage",
  "version": "1.0.0",
  "lockfileVersion": 3,
  "requires": true,
  "packages": {
    "": {
      "name": "wporg-forum-triage",
      "version": "1.0.0",
      "license": "MIT",
      "bin": {
        "wporg-forum-triage": "bin/wporg-forum-triage.mjs"
      },
      "engines": {
        "node": ">=20"
      }
    }
  }
}
